
Microsoft Visual Studio Solution File, Format Version 12.00
# Visual Studio Version 17
VisualStudioVersion = 17.3.32929.385
MinimumVisualStudioVersion = 10.0.40219.1
Project("{FAE04EC0-301F-11D3-BF4B-00C04F79EFBC}") = "EntityFramework_PRACT_02", "EntityFramework_PRACT_02\EntityFramework_PRACT_02.csproj", "{DE9D7650-B21F-4C23-BAA9-29A27979FEED}"
EndProject
Global
	GlobalSection(SolutionConfigurationPlatforms) = preSolution
		Debug|Any CPU = Debug|Any CPU
		Release|Any CPU = Release|Any CPU
	EndGlobalSection
	GlobalSection(ProjectConfigurationPlatforms) = postSolution
		{DE9D7650-B21F-4C23-BAA9-29A27979FEED}.Debug|Any CPU.ActiveCfg = Debug|Any CPU
		{DE9D7650-B21F-4C23-BAA9-29A27979FEED}.Debug|Any CPU.Build.0 = Debug|Any CPU
		{DE9D7650-B21F-4C23-BAA9-29A27979FEED}.Release|Any CPU.ActiveCfg = Release|Any CPU
		{DE9D7650-B21F-4C23-BAA9-29A27979FEED}.Release|Any CPU.Build.0 = Release|Any CPU
	EndGlobalSection
	GlobalSection(SolutionProperties) = preSolution
		HideSolutionNode = FALSE
	EndGlobalSection
	GlobalSection(ExtensibilityGlobals) = postSolution
		SolutionGuid = {F9EC8A3B-F249-4E86-BD1B-72414C694A5D}
	EndGlobalSection
EndGlobal
